<?xml version="1.0" encoding="utf-8"?>
<Project ToolsVersion="17.0" xmlns="http://schemas.microsoft.com/developer/msbuild/2003">
  <ItemGroup>
    <CustomBuild Include="C:\Users\pretb\code\lodestone\output\CMakeFiles\f7479979790c57eb799570ff0eb5be85\generate.stamp.rule">
      <Filter>CMake Rules</Filter>
    </CustomBuild>
  </ItemGroup>
  <ItemGroup>
    <Filter Include="CMake Rules">
      <UniqueIdentifier>{B3ED293C-75CD-3DB3-8A54-ACEB2B796E0D}</UniqueIdentifier>
    </Filter>
  </ItemGroup>
</Project>
